// !$*UTF8*$!
{
	archiveVersion = 1;
	classes = {
	};
	objectVersion = 46;
	objects = {

/* Begin PBXBuildFile section */
		1139CE8A1EADCE3A009E6B2F /* main.m in Sources */ = {isa = PBXBuildFile; fileRef = 1139CE891EADCE3A009E6B2F /* main.m */; };
		1139CE8D1EADCE3A009E6B2F /* AppDelegate.m in Sources */ = {isa = PBXBuildFile; fileRef = 1139CE8C1EADCE3A009E6B2F /* AppDelegate.m */; };
		1139CE901EADCE3A009E6B2F /* ViewController.m in Sources */ = {isa = PBXBuildFile; fileRef = 1139CE8F1EADCE3A009E6B2F /* ViewController.m */; };
		1139CE931EADCE3A009E6B2F /* Main.storyboard in Resources */ = {isa = PBXBuildFile; fileRef = 1139CE911EADCE3A009E6B2F /* Main.storyboard */; };
		1139CE961EADCE3A009E6B2F /* Juny_RouterDemo.xcdatamodeld in Sources */ = {isa = PBXBuildFile; fileRef = 1139CE941EADCE3A009E6B2F /* Juny_RouterDemo.xcdatamodeld */; };
		1139CE981EADCE3A009E6B2F /* Assets.xcassets in Resources */ = {isa = PBXBuildFile; fileRef = 1139CE971EADCE3A009E6B2F /* Assets.xcassets */; };
		1139CE9B1EADCE3A009E6B2F /* LaunchScreen.storyboard in Resources */ = {isa = PBXBuildFile; fileRef = 1139CE991EADCE3A009E6B2F /* LaunchScreen.storyboard */; };
		1139CEA61EADCE3B009E6B2F /* Juny_RouterDemoTests.m in Sources */ = {isa = PBXBuildFile; fileRef = 1139CEA51EADCE3B009E6B2F /* Juny_RouterDemoTests.m */; };
		1139CEB11EADCE3B009E6B2F /* Juny_RouterDemoUITests.m in Sources */ = {isa = PBXBuildFile; fileRef = 1139CEB01EADCE3B009E6B2F /* Juny_RouterDemoUITests.m */; };
/* End PBXBuildFile section */

/* Begin PBXContainerItemProxy section */
		1139CEA21EADCE3B009E6B2F /* PBXContainerItemProxy */ = {
			isa = PBXContainerItemProxy;
			containerPortal = 1139CE7D1EADCE3A009E6B2F /* Project object */;
			proxyType = 1;
			remoteGlobalIDString = 1139CE841EADCE3A009E6B2F;
			remoteInfo = Juny_RouterDemo;
		};
		1139CEAD1EADCE3B009E6B2F /* PBXContainerItemProxy */ = {
			isa = PBXContainerItemProxy;
			containerPortal = 1139CE7D1EADCE3A009E6B2F /* Project object */;
			proxyType = 1;
			remoteGlobalIDString = 1139CE841EADCE3A009E6B2F;
			remoteInfo = Juny_RouterDemo;
		};
/* End PBXContainerItemProxy section */

/* Begin PBXFileReference section */
		1139CE851EADCE3A009E6B2F /* Juny_RouterDemo.app */ = {isa = PBXFileReference; explicitFileType = wrapper.application; includeInIndex = 0; path = Juny_RouterDemo.app; sourceTree = BUILT_PRODUCTS_DIR; };
		1139CE891EADCE3A009E6B2F /* main.m */ = {isa = PBXFileReference; lastKnownFileType = sourcecode.c.objc; path = main.m; sourceTree = "<group>"; };
		1139CE8B1EADCE3A009E6B2F /* AppDelegate.h */ = {isa = PBXFileReference; lastKnownFileType = sourcecode.c.h; path = AppDelegate.h; sourceTree = "<group>"; };
		1139CE8C1EADCE3A009E6B2F /* AppDelegate.m */ = {isa = PBXFileReference; lastKnownFileType = sourcecode.c.objc; path = AppDelegate.m; sourceTree = "<group>"; };
		1139CE8E1EADCE3A009E6B2F /* ViewController.h */ = {isa = PBXFileReference; lastKnownFileType = sourcecode.c.h; path = ViewController.h; sourceTree = "<group>"; };
		1139CE8F1EADCE3A009E6B2F /* ViewController.m */ = {isa = PBXFileReference; lastKnownFileType = sourcecode.c.objc; path = ViewController.m; sourceTree = "<group>"; };
		1139CE921EADCE3A009E6B2F /* Base */ = {isa = PBXFileReference; lastKnownFileType = file.storyboard; name = Base; path = Base.lproj/Main.storyboard; sourceTree = "<group>"; };
		1139CE951EADCE3A009E6B2F /* Juny_RouterDemo.xcdatamodel */ = {isa = PBXFileReference; lastKnownFileType = wrapper.xcdatamodel; path = Juny_RouterDemo.xcdatamodel; sourceTree = "<group>"; };
		1139CE971EADCE3A009E6B2F /* Assets.xcassets */ = {isa = PBXFileReference; lastKnownFileType = folder.assetcatalog; path = Assets.xcassets; sourceTree = "<group>"; };
		1139CE9A1EADCE3A009E6B2F /* Base */ = {isa = PBXFileReference; lastKnownFileType = file.storyboard; name = Base; path = Base.lproj/LaunchScreen.storyboard; sourceTree = "<group>"; };
		1139CE9C1EADCE3A009E6B2F /* Info.plist */ = {isa = PBXFileReference; lastKnownFileType = text.plist.xml; path = Info.plist; sourceTree = "<group>"; };
		1139CEA11EADCE3B009E6B2F /* Juny_RouterDemoTests.xctest */ = {isa = PBXFileReference; explicitFileType = wrapper.cfbundle; includeInIndex = 0; path = Juny_RouterDemoTests.xctest; sourceTree = BUILT_PRODUCTS_DIR; };
		1139CEA51EADCE3B009E6B2F /* Juny_RouterDemoTests.m */ = {isa = PBXFileReference; lastKnownFileType = sourcecode.c.objc; path = Juny_RouterDemoTests.m; sourceTree = "<group>"; };
		1139CEA71EADCE3B009E6B2F /* Info.plist */ = {isa = PBXFileReference; lastKnownFileType = text.plist.xml; path = Info.plist; sourceTree = "<group>"; };
		1139CEAC1EADCE3B009E6B2F /* Juny_RouterDemoUITests.xctest */ = {isa = PBXFileReference; explicitFileType = wrapper.cfbundle; includeInIndex = 0; path = Juny_RouterDemoUITests.xctest; sourceTree = BUILT_PRODUCTS_DIR; };
		1139CEB01EADCE3B009E6B2F /* Juny_RouterDemoUITests.m */ = {isa = PBXFileReference; lastKnownFileType = sourcecode.c.objc; path = Juny_RouterDemoUITests.m; sourceTree = "<group>"; };
		1139CEB21EADCE3B009E6B2F /* Info.plist */ = {isa = PBXFileReference; lastKnownFileType = text.plist.xml; path = Info.plist; sourceTree = "<group>"; };
/* End PBXFileReference section */

/* Begin PBXFrameworksBuildPhase section */
		1139CE821EADCE3A009E6B2F /* Frameworks */ = {
			isa = PBXFrameworksBuildPhase;
			buildActionMask = 2147483647;
			files = (
			);
			runOnlyForDeploymentPostprocessing = 0;
		};
		1139CE9E1EADCE3B009E6B2F /* Frameworks */ = {
			isa = PBXFrameworksBuildPhase;
			buildActionMask = 2147483647;
			files = (
			);
			runOnlyForDeploymentPostprocessing = 0;
		};
		1139CEA91EADCE3B009E6B2F /* Frameworks */ = {
			isa = PBXFrameworksBuildPhase;
			buildActionMask = 2147483647;
			files = (
			);
			runOnlyForDeploymentPostprocessing = 0;
		};
/* End PBXFrameworksBuildPhase section */

/* Begin PBXGroup section */
		1139CE7C1EADCE3A009E6B2F = {
			isa = PBXGroup;
			children = (
				1139CE871EADCE3A009E6B2F /* Juny_RouterDemo */,
				1139CEA41EADCE3B009E6B2F /* Juny_RouterDemoTests */,
				1139CEAF1EADCE3B009E6B2F /* Juny_RouterDemoUITests */,
				1139CE861EADCE3A009E6B2F /* Products */,
			);
			sourceTree = "<group>";
		};
		1139CE861EADCE3A009E6B2F /* Products */ = {
			isa = PBXGroup;
			children = (
				1139CE851EADCE3A009E6B2F /* Juny_RouterDemo.app */,
				1139CEA11EADCE3B009E6B2F /* Juny_RouterDemoTests.xctest */,
				1139CEAC1EADCE3B009E6B2F /* Juny_RouterDemoUITests.xctest */,
			);
			name = Products;
			sourceTree = "<group>";
		};
		1139CE871EADCE3A009E6B2F /* Juny_RouterDemo */ = {
			isa = PBXGroup;
			children = (
				1139CE8B1EADCE3A009E6B2F /* AppDelegate.h */,
				1139CE8C1EADCE3A009E6B2F /* AppDelegate.m */,
				1139CE8E1EADCE3A009E6B2F /* ViewController.h */,
				1139CE8F1EADCE3A009E6B2F /* ViewController.m */,
				1139CE911EADCE3A009E6B2F /* Main.storyboard */,
				1139CE971EADCE3A009E6B2F /* Assets.xcassets */,
				1139CE991EADCE3A009E6B2F /* LaunchScreen.storyboard */,
				1139CE9C1EADCE3A009E6B2F /* Info.plist */,
				1139CE941EADCE3A009E6B2F /* Juny_RouterDemo.xcdatamodeld */,
				1139CE881EADCE3A009E6B2F /* Supporting Files */,
			);
			path = Juny_RouterDemo;
			sourceTree = "<group>";
		};
		1139CE881EADCE3A009E6B2F /* Supporting Files */ = {
			isa = PBXGroup;
			children = (
				1139CE891EADCE3A009E6B2F /* main.m */,
			);
			name = "Supporting Files";
			sourceTree = "<group>";
		};
		1139CEA41EADCE3B009E6B2F /* Juny_RouterDemoTests */ = {
			isa = PBXGroup;
			children = (
				1139CEA51EADCE3B009E6B2F /* Juny_RouterDemoTests.m */,
				1139CEA71EADCE3B009E6B2F /* Info.plist */,
			);
			path = Juny_RouterDemoTests;
			sourceTree = "<group>";
		};
		1139CEAF1EADCE3B009E6B2F /* Juny_RouterDemoUITests */ = {
			isa = PBXGroup;
			children = (
				1139CEB01EADCE3B009E6B2F /* Juny_RouterDemoUITests.m */,
				1139CEB21EADCE3B009E6B2F /* Info.plist */,
			);
			path = Juny_RouterDemoUITests;
			sourceTree = "<group>";
		};
/* End PBXGroup section */

/* Begin PBXNativeTarget section */
		1139CE841EADCE3A009E6B2F /* Juny_RouterDemo */ = {
			isa = PBXNativeTarget;
			buildConfigurationList = 1139CEB51EADCE3B009E6B2F /* Build configuration list for PBXNativeTarget "Juny_RouterDemo" */;
			buildPhases = (
				1139CE811EADCE3A009E6B2F /* Sources */,
				1139CE821EADCE3A009E6B2F /* Frameworks */,
				1139CE831EADCE3A009E6B2F /* Resources */,
			);
			buildRules = (
			);
			dependencies = (
			);
			name = Juny_RouterDemo;
			productName = Juny_RouterDemo;
			productReference = 1139CE851EADCE3A009E6B2F /* Juny_RouterDemo.app */;
			productType = "com.apple.product-type.application";
		};
		1139CEA01EADCE3B009E6B2F /* Juny_RouterDemoTests */ = {
			isa = PBXNativeTarget;
			buildConfigurationList = 1139CEB81EADCE3B009E6B2F /* Build configuration list for PBXNativeTarget "Juny_RouterDemoTests" */;
			buildPhases = (
				1139CE9D1EADCE3B009E6B2F /* Sources */,
				1139CE9E1EADCE3B009E6B2F /* Frameworks */,
				1139CE9F1EADCE3B009E6B2F /* Resources */,
			);
			buildRules = (
			);
			dependencies = (
				1139CEA31EADCE3B009E6B2F /* PBXTargetDependency */,
			);
			name = Juny_RouterDemoTests;
			productName = Juny_RouterDemoTests;
			productReference = 1139CEA11EADCE3B009E6B2F /* Juny_RouterDemoTests.xctest */;
			productType = "com.apple.product-type.bundle.unit-test";
		};
		1139CEAB1EADCE3B009E6B2F /* Juny_RouterDemoUITests */ = {
			isa = PBXNativeTarget;
			buildConfigurationList = 1139CEBB1EADCE3B009E6B2F /* Build configuration list for PBXNativeTarget "Juny_RouterDemoUITests" */;
			buildPhases = (
				1139CEA81EADCE3B009E6B2F /* Sources */,
				1139CEA91EADCE3B009E6B2F /* Frameworks */,
				1139CEAA1EADCE3B009E6B2F /* Resources */,
			);
			buildRules = (
			);
			dependencies = (
				1139CEAE1EADCE3B009E6B2F /* PBXTargetDependency */,
			);
			name = Juny_RouterDemoUITests;
			productName = Juny_RouterDemoUITests;
			productReference = 1139CEAC1EADCE3B009E6B2F /* Juny_RouterDemoUITests.xctest */;
			productType = "com.apple.product-type.bundle.ui-testing";
		};
/* End PBXNativeTarget section */

/* Begin PBXProject section */
		1139CE7D1EADCE3A009E6B2F /* Project object */ = {
			isa = PBXProject;
			attributes = {
				LastUpgradeCheck = 0830;
				ORGANIZATIONNAME = Juny;
				TargetAttributes = {
					1139CE841EADCE3A009E6B2F = {
						CreatedOnToolsVersion = 8.3.2;
						DevelopmentTeam = PA2V7TLZSR;
						ProvisioningStyle = Automatic;
					};
					1139CEA01EADCE3B009E6B2F = {
						CreatedOnToolsVersion = 8.3.2;
						DevelopmentTeam = PA2V7TLZSR;
						ProvisioningStyle = Automatic;
						TestTargetID = 1139CE841EADCE3A009E6B2F;
					};
					1139CEAB1EADCE3B009E6B2F = {
						CreatedOnToolsVersion = 8.3.2;
						DevelopmentTeam = PA2V7TLZSR;
						ProvisioningStyle = Automatic;
						TestTargetID = 1139CE841EADCE3A009E6B2F;
					};
				};
			};
			buildConfigurationList = 1139CE801EADCE3A009E6B2F /* Build configuration list for PBXProject "Juny_RouterDemo" */;
			compatibilityVersion = "Xcode 3.2";
			developmentRegion = English;
			hasScannedForEncodings = 0;
			knownRegions = (
				en,
				Base,
			);
			mainGroup = 1139CE7C1EADCE3A009E6B2F;
			productRefGroup = 1139CE861EADCE3A009E6B2F /* Products */;
			projectDirPath = "";
			projectRoot = "";
			targets = (
				1139CE841EADCE3A009E6B2F /* Juny_RouterDemo */,
				1139CEA01EADCE3B009E6B2F /* Juny_RouterDemoTests */,
				1139CEAB1EADCE3B009E6B2F /* Juny_RouterDemoUITests */,
			);
		};
/* End PBXProject section */

/* Begin PBXResourcesBuildPhase section */
		1139CE831EADCE3A009E6B2F /* Resources */ = {
			isa = PBXResourcesBuildPhase;
			buildActionMask = 2147483647;
			files = (
				1139CE9B1EADCE3A009E6B2F /* LaunchScreen.storyboard in Resources */,
				1139CE981EADCE3A009E6B2F /* Assets.xcassets in Resources */,
				1139CE931EADCE3A009E6B2F /* Main.storyboard in Resources */,
			);
			runOnlyForDeploymentPostprocessing = 0;
		};
		1139CE9F1EADCE3B009E6B2F /* Resources */ = {
			isa = PBXResourcesBuildPhase;
			buildActionMask = 2147483647;
			files = (
			);
			runOnlyForDeploymentPostprocessing = 0;
		};
		1139CEAA1EADCE3B009E6B2F /* Resources */ = {
			isa = PBXResourcesBuildPhase;
			buildActionMask = 2147483647;
			files = (
			);
			runOnlyForDeploymentPostprocessing = 0;
		};
/* End PBXResourcesBuildPhase section */

/* Begin PBXSourcesBuildPhase section */
		1139CE811EADCE3A009E6B2F /* Sources */ = {
			isa = PBXSourcesBuildPhase;
			buildActionMask = 2147483647;
			files = (
				1139CE901EADCE3A009E6B2F /* ViewController.m in Sources */,
				1139CE8D1EADCE3A009E6B2F /* AppDelegate.m in Sources */,
				1139CE8A1EADCE3A009E6B2F /* main.m in Sources */,
				1139CE961EADCE3A009E6B2F /* Juny_RouterDemo.xcdatamodeld in Sources */,
			);
			runOnlyForDeploymentPostprocessing = 0;
		};
		1139CE9D1EADCE3B009E6B2F /* Sources */ = {
			isa = PBXSourcesBuildPhase;
			buildActionMask = 2147483647;
			files = (
				1139CEA61EADCE3B009E6B2F /* Juny_RouterDemoTests.m in Sources */,
			);
			runOnlyForDeploymentPostprocessing = 0;
		};
		1139CEA81EADCE3B009E6B2F /* Sources */ = {
			isa = PBXSourcesBuildPhase;
			buildActionMask = 2147483647;
			files = (
				1139CEB11EADCE3B009E6B2F /* Juny_RouterDemoUITests.m in Sources */,
			);
			runOnlyForDeploymentPostprocessing = 0;
		};
/* End PBXSourcesBuildPhase section */

/* Begin PBXTargetDependency section */
		1139CEA31EADCE3B009E6B2F /* PBXTargetDependency */ = {
			isa = PBXTargetDependency;
			target = 1139CE841EADCE3A009E6B2F /* Juny_RouterDemo */;
			targetProxy = 1139CEA21EADCE3B009E6B2F /* PBXContainerItemProxy */;
		};
		1139CEAE1EADCE3B009E6B2F /* PBXTargetDependency */ = {
			isa = PBXTargetDependency;
			target = 1139CE841EADCE3A009E6B2F /* Juny_RouterDemo */;
			targetProxy = 1139CEAD1EADCE3B009E6B2F /* PBXContainerItemProxy */;
		};
/* End PBXTargetDependency section */

/* Begin PBXVariantGroup section */
		1139CE911EADCE3A009E6B2F /* Main.storyboard */ = {
			isa = PBXVariantGroup;
			children = (
				1139CE921EADCE3A009E6B2F /* Base */,
			);
			name = Main.storyboard;
			sourceTree = "<group>";
		};
		1139CE991EADCE3A009E6B2F /* LaunchScreen.storyboard */ = {
			isa = PBXVariantGroup;
			children = (
				1139CE9A1EADCE3A009E6B2F /* Base */,
			);
			name = LaunchScreen.storyboard;
			sourceTree = "<group>";
		};
/* End PBXVariantGroup section */

/* Begin XCBuildConfiguration section */
		1139CEB31EADCE3B009E6B2F /* Debug */ = {
			isa = XCBuildConfiguration;
			buildSettings = {
				ALWAYS_SEARCH_USER_PATHS = NO;
				CLANG_ANALYZER_NONNULL = YES;
				CLANG_ANALYZER_NUMBER_OBJECT_CONVERSION = YES_AGGRESSIVE;
				CLANG_CXX_LANGUAGE_STANDARD = "gnu++0x";
				CLANG_CXX_LIBRARY = "libc++";
				CLANG_ENABLE_MODULES = YES;
				CLANG_ENABLE_OBJC_ARC = YES;
				CLANG_WARN_BOOL_CONVERSION = YES;
				CLANG_WARN_CONSTANT_CONVERSION = YES;
				CLANG_WARN_DIRECT_OBJC_ISA_USAGE = YES_ERROR;
				CLANG_WARN_DOCUMENTATION_COMMENTS = YES;
				CLANG_WARN_EMPTY_BODY = YES;
				CLANG_WARN_ENUM_CONVERSION = YES;
				CLANG_WARN_INFINITE_RECURSION = YES;
				CLANG_WARN_INT_CONVERSION = YES;
				CLANG_WARN_OBJC_ROOT_CLASS = YES_ERROR;
				CLANG_WARN_SUSPICIOUS_MOVE = YES;
				CLANG_WARN_UNREACHABLE_CODE = YES;
				CLANG_WARN__DUPLICATE_METHOD_MATCH = YES;
				"CODE_SIGN_IDENTITY[sdk=iphoneos*]" = "iPhone Developer";
				COPY_PHASE_STRIP = NO;
				DEBUG_INFORMATION_FORMAT = dwarf;
				ENABLE_STRICT_OBJC_MSGSEND = YES;
				ENABLE_TESTABILITY = YES;
				GCC_C_LANGUAGE_STANDARD = gnu99;
				GCC_DYNAMIC_NO_PIC = NO;
				GCC_NO_COMMON_BLOCKS = YES;
				GCC_OPTIMIZATION_LEVEL = 0;
				GCC_PREPROCESSOR_DEFINITIONS = (
					"DEBUG=1",
					"$(inherited)",
				);
				GCC_WARN_64_TO_32_BIT_CONVERSION = YES;
				GCC_WARN_ABOUT_RETURN_TYPE = YES_ERROR;
				GCC_WARN_UNDECLARED_SELECTOR = YES;
				GCC_WARN_UNINITIALIZED_AUTOS = YES_AGGRESSIVE;
				GCC_WARN_UNUSED_FUNCTION = YES;
				GCC_WARN_UNUSED_VARIABLE = YES;
				IPHONEOS_DEPLOYMENT_TARGET = 10.3;
				MTL_ENABLE_DEBUG_INFO = YES;
				ONLY_ACTIVE_ARCH = YES;
				SDKROOT = iphoneos;
				TARGETED_DEVICE_FAMILY = "1,2";
			};
			name = Debug;
		};
		1139CEB41EADCE3B009E6B2F /* Release */ = {
			isa = XCBuildConfiguration;
			buildSettings = {
				ALWAYS_SEARCH_USER_PATHS = NO;
				CLANG_ANALYZER_NONNULL = YES;
				CLANG_ANALYZER_NUMBER_OBJECT_CONVERSION = YES_AGGRESSIVE;
				CLANG_CXX_LANGUAGE_STANDARD = "gnu++0x";
				CLANG_CXX_LIBRARY = "libc++";
				CLANG_ENABLE_MODULES = YES;
				CLANG_ENABLE_OBJC_ARC = YES;
				CLANG_WARN_BOOL_CONVERSION = YES;
				CLANG_WARN_CONSTANT_CONVERSION = YES;
				CLANG_WARN_DIRECT_OBJC_ISA_USAGE = YES_ERROR;
				CLANG_WARN_DOCUMENTATION_COMMENTS = YES;
				CLANG_WARN_EMPTY_BODY = YES;
				CLANG_WARN_ENUM_CONVERSION = YES;
				CLANG_WARN_INFINITE_RECURSION = YES;
				CLANG_WARN_INT_CONVERSION = YES;
				CLANG_WARN_OBJC_ROOT_CLASS = YES_ERROR;
				CLANG_WARN_SUSPICIOUS_MOVE = YES;
				CLANG_WARN_UNREACHABLE_CODE = YES;
				CLANG_WARN__DUPLICATE_METHOD_MATCH = YES;
				"CODE_SIGN_IDENTITY[sdk=iphoneos*]" = "iPhone Developer";
				COPY_PHASE_STRIP = NO;
				DEBUG_INFORMATION_FORMAT = "dwarf-with-dsym";
				ENABLE_NS_ASSERTIONS = NO;
				ENABLE_STRICT_OBJC_MSGSEND = YES;
				GCC_C_LANGUAGE_STANDARD = gnu99;
				GCC_NO_COMMON_BLOCKS = YES;
				GCC_WARN_64_TO_32_BIT_CONVERSION = YES;
				GCC_WARN_ABOUT_RETURN_TYPE = YES_ERROR;
				GCC_WARN_UNDECLARED_SELECTOR = YES;
				GCC_WARN_UNINITIALIZED_AUTOS = YES_AGGRESSIVE;
				GCC_WARN_UNUSED_FUNCTION = YES;
				GCC_WARN_UNUSED_VARIABLE = YES;
				IPHONEOS_DEPLOYMENT_TARGET = 10.3;
				MTL_ENABLE_DEBUG_INFO = NO;
				SDKROOT = iphoneos;
				TARGETED_DEVICE_FAMILY = "1,2";
				VALIDATE_PRODUCT = YES;
			};
			name = Release;
		};
		1139CEB61EADCE3B009E6B2F /* Debug */ = {
			isa = XCBuildConfiguration;
			buildSettings = {
				ASSETCATALOG_COMPILER_APPICON_NAME = AppIcon;
				DEVELOPMENT_TEAM = PA2V7TLZSR;
				INFOPLIST_FILE = Juny_RouterDemo/Info.plist;
				LD_RUNPATH_SEARCH_PATHS = "$(inherited) @executable_path/Frameworks";
				PRODUCT_BUNDLE_IDENTIFIER = "com.Juny-RouterDemo";
				PRODUCT_NAME = "$(TARGET_NAME)";
			};
			name = Debug;
		};
		1139CEB71EADCE3B009E6B2F /* Release */ = {
			isa = XCBuildConfiguration;
			buildSettings = {
				ASSETCATALOG_COMPILER_APPICON_NAME = AppIcon;
				DEVELOPMENT_TEAM = PA2V7TLZSR;
				INFOPLIST_FILE = Juny_RouterDemo/Info.plist;
				LD_RUNPATH_SEARCH_PATHS = "$(inherited) @executable_path/Frameworks";
				PRODUCT_BUNDLE_IDENTIFIER = "com.Juny-RouterDemo";
				PRODUCT_NAME = "$(TARGET_NAME)";
			};
			name = Release;
		};
		1139CEB91EADCE3B009E6B2F /* Debug */ = {
			isa = XCBuildConfiguration;
			buildSettings = {
				BUNDLE_LOADER = "$(TEST_HOST)";
				DEVELOPMENT_TEAM = PA2V7TLZSR;
				INFOPLIST_FILE = Juny_RouterDemoTests/Info.plist;
				LD_RUNPATH_SEARCH_PATHS = "$(inherited) @executable_path/Frameworks @loader_path/Frameworks";
				PRODUCT_BUNDLE_IDENTIFIER = "com.Juny-RouterDemoTests";
				PRODUCT_NAME = "$(TARGET_NAME)";
				TEST_HOST = "$(BUILT_PRODUCTS_DIR)/Juny_RouterDemo.app/Juny_RouterDemo";
			};
			name = Debug;
		};
		1139CEBA1EADCE3B009E6B2F /* Release */ = {
			isa = XCBuildConfiguration;
			buildSettings = {
				BUNDLE_LOADER = "$(TEST_HOST)";
				DEVELOPMENT_TEAM = PA2V7TLZSR;
				INFOPLIST_FILE = Juny_RouterDemoTests/Info.plist;
				LD_RUNPATH_SEARCH_PATHS = "$(inherited) @executable_path/Frameworks @loader_path/Frameworks";
				PRODUCT_BUNDLE_IDENTIFIER = "com.Juny-RouterDemoTests";
				PRODUCT_NAME = "$(TARGET_NAME)";
				TEST_HOST = "$(BUILT_PRODUCTS_DIR)/Juny_RouterDemo.app/Juny_RouterDemo";
			};
			name = Release;
		};
		1139CEBC1EADCE3B009E6B2F /* Debug */ = {
			isa = XCBuildConfiguration;
			buildSettings = {
				DEVELOPMENT_TEAM = PA2V7TLZSR;
				INFOPLIST_FILE = Juny_RouterDemoUITests/Info.plist;
				LD_RUNPATH_SEARCH_PATHS = "$(inherited) @executable_path/Frameworks @loader_path/Frameworks";
				PRODUCT_BUNDLE_IDENTIFIER = "com.Juny-RouterDemoUITests";
				PRODUCT_NAME = "$(TARGET_NAME)";
				TEST_TARGET_NAME = Juny_RouterDemo;
			};
			name = Debug;
		};
		1139CEBD1EADCE3B009E6B2F /* Release */ = {
			isa = XCBuildConfiguration;
			buildSettings = {
				DEVELOPMENT_TEAM = PA2V7TLZSR;
				INFOPLIST_FILE = Juny_RouterDemoUITests/Info.plist;
				LD_RUNPATH_SEARCH_PATHS = "$(inherited) @executable_path/Frameworks @loader_path/Frameworks";
				PRODUCT_BUNDLE_IDENTIFIER = "com.Juny-RouterDemoUITests";
				PRODUCT_NAME = "$(TARGET_NAME)";
				TEST_TARGET_NAME = Juny_RouterDemo;
			};
			name = Release;
		};
/* End XCBuildConfiguration section */

/* Begin XCConfigurationList section */
		1139CE801EADCE3A009E6B2F /* Build configuration list for PBXProject "Juny_RouterDemo" */ = {
			isa = XCConfigurationList;
			buildConfigurations = (
				1139CEB31EADCE3B009E6B2F /* Debug */,
				1139CEB41EADCE3B009E6B2F /* Release */,
			);
			defaultConfigurationIsVisible = 0;
			defaultConfigurationName = Release;
		};
		1139CEB51EADCE3B009E6B2F /* Build configuration list for PBXNativeTarget "Juny_RouterDemo" */ = {
			isa = XCConfigurationList;
			buildConfigurations = (
				1139CEB61EADCE3B009E6B2F /* Debug */,
				1139CEB71EADCE3B009E6B2F /* Release */,
			);
			defaultConfigurationIsVisible = 0;
		};
		1139CEB81EADCE3B009E6B2F /* Build configuration list for PBXNativeTarget "Juny_RouterDemoTests" */ = {
			isa = XCConfigurationList;
			buildConfigurations = (
				1139CEB91EADCE3B009E6B2F /* Debug */,
				1139CEBA1EADCE3B009E6B2F /* Release */,
			);
			defaultConfigurationIsVisible = 0;
		};
		1139CEBB1EADCE3B009E6B2F /* Build configuration list for PBXNativeTarget "Juny_RouterDemoUITests" */ = {
			isa = XCConfigurationList;
			buildConfigurations = (
				1139CEBC1EADCE3B009E6B2F /* Debug */,
				1139CEBD1EADCE3B009E6B2F /* Release */,
			);
			defaultConfigurationIsVisible = 0;
		};
/* End XCConfigurationList section */

/* Begin XCVersionGroup section */
		1139CE941EADCE3A009E6B2F /* Juny_RouterDemo.xcdatamodeld */ = {
			isa = XCVersionGroup;
			children = (
				1139CE951EADCE3A009E6B2F /* Juny_RouterDemo.xcdatamodel */,
			);
			currentVersion = 1139CE951EADCE3A009E6B2F /* Juny_RouterDemo.xcdatamodel */;
			path = Juny_RouterDemo.xcdatamodeld;
			sourceTree = "<group>";
			versionGroupType = wrapper.xcdatamodel;
		};
/* End XCVersionGroup section */
	};
	rootObject = 1139CE7D1EADCE3A009E6B2F /* Project object */;
}
